Microsoft Visual Studio Solution File, Format Version 8.00
Project("{8BC9CEB8-8B4A-11D0-8D11-00A0C91BC942}") = "code", "code.vcproj", "{FF5667D2-3F94-4C79-B5EC-48A5E7DF4544}"
	ProjectSection(ProjectDependencies) = postProject
	EndProjectSection
EndProject
Project("{8BC9CEB8-8B4A-11D0-8D11-00A0C91BC942}") = "libjpeg", "libjpeg.vcproj", "{F533047F-0AAF-4CF8-AFE5-42A6EDD2592B}"
	ProjectSection(ProjectDependencies) = postProject
	EndProjectSection
EndProject
Project("{8BC9CEB8-8B4A-11D0-8D11-00A0C91BC942}") = "lua", "lua.vcproj", "{47740866-D174-4DF1-AF72-EC7F7CEEB93C}"
	ProjectSection(ProjectDependencies) = postProject
	EndProjectSection
EndProject
Project("{8BC9CEB8-8B4A-11D0-8D11-00A0C91BC942}") = "fred2_open", "..\..\..\fred2_open\fred2_open.vcproj", "{135B4EC4-E118-4F99-A931-D420B86536C7}"
	ProjectSection(ProjectDependencies) = postProject
		{47740866-D174-4DF1-AF72-EC7F7CEEB93C} = {47740866-D174-4DF1-AF72-EC7F7CEEB93C}
		{FF5667D2-3F94-4C79-B5EC-48A5E7DF4544} = {FF5667D2-3F94-4C79-B5EC-48A5E7DF4544}
	EndProjectSection
EndProject
Project("{8BC9CEB8-8B4A-11D0-8D11-00A0C91BC942}") = "Freespace2", "Freespace2.vcproj", "{CCD9FBA2-6714-41E0-ADDE-E68A5F63E8F4}"
	ProjectSection(ProjectDependencies) = postProject
	EndProjectSection
EndProject
Global
	GlobalSection(SolutionConfiguration) = preSolution
		Debug = Debug
		INFDebug = INFDebug
		INFDSDebug = INFDSDebug
		INFDSRelease = INFDSRelease
		INFRelease = INFRelease
		P4Debug = P4Debug
		P4InfDebug = P4InfDebug
		P4InfRelease = P4InfRelease
		P4Release = P4Release
		Release = Release
	EndGlobalSection
	GlobalSection(ProjectConfiguration) = postSolution
		{FF5667D2-3F94-4C79-B5EC-48A5E7DF4544}.Debug.ActiveCfg = Debug|Win32
		{FF5667D2-3F94-4C79-B5EC-48A5E7DF4544}.Debug.Build.0 = Debug|Win32
		{FF5667D2-3F94-4C79-B5EC-48A5E7DF4544}.INFDebug.ActiveCfg = INFDebug|Win32
		{FF5667D2-3F94-4C79-B5EC-48A5E7DF4544}.INFDebug.Build.0 = INFDebug|Win32
		{FF5667D2-3F94-4C79-B5EC-48A5E7DF4544}.INFDSDebug.ActiveCfg = INFDSDebug|Win32
		{FF5667D2-3F94-4C79-B5EC-48A5E7DF4544}.INFDSDebug.Build.0 = INFDSDebug|Win32
		{FF5667D2-3F94-4C79-B5EC-48A5E7DF4544}.INFDSRelease.ActiveCfg = INFDSRelease|Win32
		{FF5667D2-3F94-4C79-B5EC-48A5E7DF4544}.INFDSRelease.Build.0 = INFDSRelease|Win32
		{FF5667D2-3F94-4C79-B5EC-48A5E7DF4544}.INFRelease.ActiveCfg = INFRelease|Win32
		{FF5667D2-3F94-4C79-B5EC-48A5E7DF4544}.INFRelease.Build.0 = INFRelease|Win32
		{FF5667D2-3F94-4C79-B5EC-48A5E7DF4544}.P4Debug.ActiveCfg = P4Debug|Win32
		{FF5667D2-3F94-4C79-B5EC-48A5E7DF4544}.P4Debug.Build.0 = P4Debug|Win32
		{FF5667D2-3F94-4C79-B5EC-48A5E7DF4544}.P4InfDebug.ActiveCfg = P4InfDebug|Win32
		{FF5667D2-3F94-4C79-B5EC-48A5E7DF4544}.P4InfDebug.Build.0 = P4InfDebug|Win32
		{FF5667D2-3F94-4C79-B5EC-48A5E7DF4544}.P4InfRelease.ActiveCfg = P4InfRelease|Win32
		{FF5667D2-3F94-4C79-B5EC-48A5E7DF4544}.P4InfRelease.Build.0 = P4InfRelease|Win32
		{FF5667D2-3F94-4C79-B5EC-48A5E7DF4544}.P4Release.ActiveCfg = P4Release|Win32
		{FF5667D2-3F94-4C79-B5EC-48A5E7DF4544}.P4Release.Build.0 = P4Release|Win32
		{FF5667D2-3F94-4C79-B5EC-48A5E7DF4544}.Release.ActiveCfg = Release|Win32
		{FF5667D2-3F94-4C79-B5EC-48A5E7DF4544}.Release.Build.0 = Release|Win32
		{F533047F-0AAF-4CF8-AFE5-42A6EDD2592B}.Debug.ActiveCfg = Debug|Win32
		{F533047F-0AAF-4CF8-AFE5-42A6EDD2592B}.Debug.Build.0 = Debug|Win32
		{F533047F-0AAF-4CF8-AFE5-42A6EDD2592B}.INFDebug.ActiveCfg = INFDebug|Win32
		{F533047F-0AAF-4CF8-AFE5-42A6EDD2592B}.INFDebug.Build.0 = INFDebug|Win32
		{F533047F-0AAF-4CF8-AFE5-42A6EDD2592B}.INFDSDebug.ActiveCfg = INFDSDebug|Win32
		{F533047F-0AAF-4CF8-AFE5-42A6EDD2592B}.INFDSDebug.Build.0 = INFDSDebug|Win32
		{F533047F-0AAF-4CF8-AFE5-42A6EDD2592B}.INFDSRelease.ActiveCfg = INFDSRelease|Win32
		{F533047F-0AAF-4CF8-AFE5-42A6EDD2592B}.INFDSRelease.Build.0 = INFDSRelease|Win32
		{F533047F-0AAF-4CF8-AFE5-42A6EDD2592B}.INFRelease.ActiveCfg = INFRelease|Win32
		{F533047F-0AAF-4CF8-AFE5-42A6EDD2592B}.INFRelease.Build.0 = INFRelease|Win32
		{F533047F-0AAF-4CF8-AFE5-42A6EDD2592B}.P4Debug.ActiveCfg = P4Debug|Win32
		{F533047F-0AAF-4CF8-AFE5-42A6EDD2592B}.P4Debug.Build.0 = P4Debug|Win32
		{F533047F-0AAF-4CF8-AFE5-42A6EDD2592B}.P4InfDebug.ActiveCfg = P4InfDebug|Win32
		{F533047F-0AAF-4CF8-AFE5-42A6EDD2592B}.P4InfDebug.Build.0 = P4InfDebug|Win32
		{F533047F-0AAF-4CF8-AFE5-42A6EDD2592B}.P4InfRelease.ActiveCfg = P4InfRelease|Win32
		{F533047F-0AAF-4CF8-AFE5-42A6EDD2592B}.P4InfRelease.Build.0 = P4InfRelease|Win32
		{F533047F-0AAF-4CF8-AFE5-42A6EDD2592B}.P4Release.ActiveCfg = P4Release|Win32
		{F533047F-0AAF-4CF8-AFE5-42A6EDD2592B}.P4Release.Build.0 = P4Release|Win32
		{F533047F-0AAF-4CF8-AFE5-42A6EDD2592B}.Release.ActiveCfg = Release|Win32
		{F533047F-0AAF-4CF8-AFE5-42A6EDD2592B}.Release.Build.0 = Release|Win32
		{47740866-D174-4DF1-AF72-EC7F7CEEB93C}.Debug.ActiveCfg = Debug|Win32
		{47740866-D174-4DF1-AF72-EC7F7CEEB93C}.Debug.Build.0 = Debug|Win32
		{47740866-D174-4DF1-AF72-EC7F7CEEB93C}.INFDebug.ActiveCfg = INFDebug|Win32
		{47740866-D174-4DF1-AF72-EC7F7CEEB93C}.INFDebug.Build.0 = INFDebug|Win32
		{47740866-D174-4DF1-AF72-EC7F7CEEB93C}.INFDSDebug.ActiveCfg = INFDSDebug|Win32
		{47740866-D174-4DF1-AF72-EC7F7CEEB93C}.INFDSDebug.Build.0 = INFDSDebug|Win32
		{47740866-D174-4DF1-AF72-EC7F7CEEB93C}.INFDSRelease.ActiveCfg = INFDSRelease|Win32
		{47740866-D174-4DF1-AF72-EC7F7CEEB93C}.INFDSRelease.Build.0 = INFDSRelease|Win32
		{47740866-D174-4DF1-AF72-EC7F7CEEB93C}.INFRelease.ActiveCfg = INFRelease|Win32
		{47740866-D174-4DF1-AF72-EC7F7CEEB93C}.INFRelease.Build.0 = INFRelease|Win32
		{47740866-D174-4DF1-AF72-EC7F7CEEB93C}.P4Debug.ActiveCfg = P4Debug|Win32
		{47740866-D174-4DF1-AF72-EC7F7CEEB93C}.P4Debug.Build.0 = P4Debug|Win32
		{47740866-D174-4DF1-AF72-EC7F7CEEB93C}.P4InfDebug.ActiveCfg = P4InfDebug|Win32
		{47740866-D174-4DF1-AF72-EC7F7CEEB93C}.P4InfDebug.Build.0 = P4InfDebug|Win32
		{47740866-D174-4DF1-AF72-EC7F7CEEB93C}.P4InfRelease.ActiveCfg = P4InfRelease|Win32
		{47740866-D174-4DF1-AF72-EC7F7CEEB93C}.P4InfRelease.Build.0 = P4InfRelease|Win32
		{47740866-D174-4DF1-AF72-EC7F7CEEB93C}.P4Release.ActiveCfg = P4Release|Win32
		{47740866-D174-4DF1-AF72-EC7F7CEEB93C}.P4Release.Build.0 = P4Release|Win32
		{47740866-D174-4DF1-AF72-EC7F7CEEB93C}.Release.ActiveCfg = Release|Win32
		{47740866-D174-4DF1-AF72-EC7F7CEEB93C}.Release.Build.0 = Release|Win32
		{135B4EC4-E118-4F99-A931-D420B86536C7}.Debug.ActiveCfg = Debug|Win32
		{135B4EC4-E118-4F99-A931-D420B86536C7}.Debug.Build.0 = Debug|Win32
		{135B4EC4-E118-4F99-A931-D420B86536C7}.INFDebug.ActiveCfg = INFDebug|Win32
		{135B4EC4-E118-4F99-A931-D420B86536C7}.INFDebug.Build.0 = INFDebug|Win32
		{135B4EC4-E118-4F99-A931-D420B86536C7}.INFDSDebug.ActiveCfg = INFDSDebug|Win32
		{135B4EC4-E118-4F99-A931-D420B86536C7}.INFDSDebug.Build.0 = INFDSDebug|Win32
		{135B4EC4-E118-4F99-A931-D420B86536C7}.INFDSRelease.ActiveCfg = INFDSRelease|Win32
		{135B4EC4-E118-4F99-A931-D420B86536C7}.INFDSRelease.Build.0 = INFDSRelease|Win32
		{135B4EC4-E118-4F99-A931-D420B86536C7}.INFRelease.ActiveCfg = INFRelease|Win32
		{135B4EC4-E118-4F99-A931-D420B86536C7}.INFRelease.Build.0 = INFRelease|Win32
		{135B4EC4-E118-4F99-A931-D420B86536C7}.P4Debug.ActiveCfg = P4Debug|Win32
		{135B4EC4-E118-4F99-A931-D420B86536C7}.P4Debug.Build.0 = P4Debug|Win32
		{135B4EC4-E118-4F99-A931-D420B86536C7}.P4InfDebug.ActiveCfg = P4InfDebug|Win32
		{135B4EC4-E118-4F99-A931-D420B86536C7}.P4InfDebug.Build.0 = P4InfDebug|Win32
		{135B4EC4-E118-4F99-A931-D420B86536C7}.P4InfRelease.ActiveCfg = P4InfRelease|Win32
		{135B4EC4-E118-4F99-A931-D420B86536C7}.P4InfRelease.Build.0 = P4InfRelease|Win32
		{135B4EC4-E118-4F99-A931-D420B86536C7}.P4Release.ActiveCfg = P4Release|Win32
		{135B4EC4-E118-4F99-A931-D420B86536C7}.P4Release.Build.0 = P4Release|Win32
		{135B4EC4-E118-4F99-A931-D420B86536C7}.Release.ActiveCfg = Release|Win32
		{135B4EC4-E118-4F99-A931-D420B86536C7}.Release.Build.0 = Release|Win32
		{CCD9FBA2-6714-41E0-ADDE-E68A5F63E8F4}.Debug.ActiveCfg = Debug|Win32
		{CCD9FBA2-6714-41E0-ADDE-E68A5F63E8F4}.Debug.Build.0 = Debug|Win32
		{CCD9FBA2-6714-41E0-ADDE-E68A5F63E8F4}.INFDebug.ActiveCfg = INFDebug|Win32
		{CCD9FBA2-6714-41E0-ADDE-E68A5F63E8F4}.INFDebug.Build.0 = INFDebug|Win32
		{CCD9FBA2-6714-41E0-ADDE-E68A5F63E8F4}.INFDSDebug.ActiveCfg = INFDSDebug|Win32
		{CCD9FBA2-6714-41E0-ADDE-E68A5F63E8F4}.INFDSDebug.Build.0 = INFDSDebug|Win32
		{CCD9FBA2-6714-41E0-ADDE-E68A5F63E8F4}.INFDSRelease.ActiveCfg = INFDSRelease|Win32
		{CCD9FBA2-6714-41E0-ADDE-E68A5F63E8F4}.INFDSRelease.Build.0 = INFDSRelease|Win32
		{CCD9FBA2-6714-41E0-ADDE-E68A5F63E8F4}.INFRelease.ActiveCfg = INFRelease|Win32
		{CCD9FBA2-6714-41E0-ADDE-E68A5F63E8F4}.INFRelease.Build.0 = INFRelease|Win32
		{CCD9FBA2-6714-41E0-ADDE-E68A5F63E8F4}.P4Debug.ActiveCfg = P4Debug|Win32
		{CCD9FBA2-6714-41E0-ADDE-E68A5F63E8F4}.P4Debug.Build.0 = P4Debug|Win32
		{CCD9FBA2-6714-41E0-ADDE-E68A5F63E8F4}.P4InfDebug.ActiveCfg = P4InfDebug|Win32
		{CCD9FBA2-6714-41E0-ADDE-E68A5F63E8F4}.P4InfDebug.Build.0 = P4InfDebug|Win32
		{CCD9FBA2-6714-41E0-ADDE-E68A5F63E8F4}.P4InfRelease.ActiveCfg = P4InfRelease|Win32
		{CCD9FBA2-6714-41E0-ADDE-E68A5F63E8F4}.P4InfRelease.Build.0 = P4InfRelease|Win32
		{CCD9FBA2-6714-41E0-ADDE-E68A5F63E8F4}.P4Release.ActiveCfg = P4Release|Win32
		{CCD9FBA2-6714-41E0-ADDE-E68A5F63E8F4}.P4Release.Build.0 = P4Release|Win32
		{CCD9FBA2-6714-41E0-ADDE-E68A5F63E8F4}.Release.ActiveCfg = Release|Win32
		{CCD9FBA2-6714-41E0-ADDE-E68A5F63E8F4}.Release.Build.0 = Release|Win32
	EndGlobalSection
	GlobalSection(ExtensibilityGlobals) = postSolution
	EndGlobalSection
	GlobalSection(ExtensibilityAddIns) = postSolution
	EndGlobalSection
EndGlobal
