
Microsoft Visual Studio Solution File, Format Version 9.00
# Visual C++ Express 2005
Project("{8BC9CEB8-8B4A-11D0-8D11-00A0C91BC942}") = "Freespace2", "Freespace2.vcproj", "{A8030FA3-CEAB-4297-99E3-CD2CFB89830B}"
	ProjectSection(ProjectDependencies) = postProject
		{C55F5706-E947-41EF-A3E8-6D711CD4ECD8} = {C55F5706-E947-41EF-A3E8-6D711CD4ECD8}
	EndProjectSection
EndProject
Project("{8BC9CEB8-8B4A-11D0-8D11-00A0C91BC942}") = "code", "code.vcproj", "{C55F5706-E947-41EF-A3E8-6D711CD4ECD8}"
EndProject
Global
	GlobalSection(SolutionConfigurationPlatforms) = preSolution
		Debug|Win32 = Debug|Win32
		Release|Win32 = Release|Win32
	EndGlobalSection
	GlobalSection(ProjectConfigurationPlatforms) = postSolution
		{A8030FA3-CEAB-4297-99E3-CD2CFB89830B}.Debug|Win32.ActiveCfg = Debug|Win32
		{A8030FA3-CEAB-4297-99E3-CD2CFB89830B}.Debug|Win32.Build.0 = Debug|Win32
		{A8030FA3-CEAB-4297-99E3-CD2CFB89830B}.Release|Win32.ActiveCfg = Release|Win32
		{A8030FA3-CEAB-4297-99E3-CD2CFB89830B}.Release|Win32.Build.0 = Release|Win32
		{C55F5706-E947-41EF-A3E8-6D711CD4ECD8}.Debug|Win32.ActiveCfg = Debug|Win32
		{C55F5706-E947-41EF-A3E8-6D711CD4ECD8}.Debug|Win32.Build.0 = Debug|Win32
		{C55F5706-E947-41EF-A3E8-6D711CD4ECD8}.Release|Win32.ActiveCfg = Release|Win32
		{C55F5706-E947-41EF-A3E8-6D711CD4ECD8}.Release|Win32.Build.0 = Release|Win32
	EndGlobalSection
	GlobalSection(SolutionProperties) = preSolution
		HideSolutionNode = FALSE
	EndGlobalSection
EndGlobal
