
Microsoft Visual Studio Solution File, Format Version 9.00
# Visual Studio 2005
Project("{8BC9CEB8-8B4A-11D0-8D11-00A0C91BC942}") = "Freespace2", "Freespace2.vcproj", "{1CA6A9E0-C542-4F07-B458-CA65A14F57B9}"
	ProjectSection(ProjectDependencies) = postProject
		{42A241F2-7996-4AAF-8491-FB885E2DC37D} = {42A241F2-7996-4AAF-8491-FB885E2DC37D}
		{332C7037-05BE-4202-93AC-182F1A2DF2AC} = {332C7037-05BE-4202-93AC-182F1A2DF2AC}
		{AB8E900B-EAE8-483D-B6C9-73EEEB273AA8} = {AB8E900B-EAE8-483D-B6C9-73EEEB273AA8}
	EndProjectSection
EndProject
Project("{8BC9CEB8-8B4A-11D0-8D11-00A0C91BC942}") = "Fred2", "Fred2.vcproj", "{92C8C611-75AA-4BD7-9B73-584822AAAEB5}"
	ProjectSection(ProjectDependencies) = postProject
		{42A241F2-7996-4AAF-8491-FB885E2DC37D} = {42A241F2-7996-4AAF-8491-FB885E2DC37D}
		{332C7037-05BE-4202-93AC-182F1A2DF2AC} = {332C7037-05BE-4202-93AC-182F1A2DF2AC}
		{AB8E900B-EAE8-483D-B6C9-73EEEB273AA8} = {AB8E900B-EAE8-483D-B6C9-73EEEB273AA8}
	EndProjectSection
EndProject
Project("{8BC9CEB8-8B4A-11D0-8D11-00A0C91BC942}") = "code", "code.vcproj", "{AB8E900B-EAE8-483D-B6C9-73EEEB273AA8}"
	ProjectSection(ProjectDependencies) = postProject
		{332C7037-05BE-4202-93AC-182F1A2DF2AC} = {332C7037-05BE-4202-93AC-182F1A2DF2AC}
		{42A241F2-7996-4AAF-8491-FB885E2DC37D} = {42A241F2-7996-4AAF-8491-FB885E2DC37D}
	EndProjectSection
EndProject
Project("{8BC9CEB8-8B4A-11D0-8D11-00A0C91BC942}") = "libjpeg", "libjpeg.vcproj", "{42A241F2-7996-4AAF-8491-FB885E2DC37D}"
EndProject
Project("{8BC9CEB8-8B4A-11D0-8D11-00A0C91BC942}") = "liblua", "liblua.vcproj", "{332C7037-05BE-4202-93AC-182F1A2DF2AC}"
EndProject
Global
	GlobalSection(SolutionConfigurationPlatforms) = preSolution
		Debug|Win32 = Debug|Win32
		Release|Win32 = Release|Win32
	EndGlobalSection
	GlobalSection(ProjectConfigurationPlatforms) = postSolution
		{1CA6A9E0-C542-4F07-B458-CA65A14F57B9}.Debug|Win32.ActiveCfg = Debug|Win32
		{1CA6A9E0-C542-4F07-B458-CA65A14F57B9}.Debug|Win32.Build.0 = Debug|Win32
		{1CA6A9E0-C542-4F07-B458-CA65A14F57B9}.Release|Win32.ActiveCfg = Release|Win32
		{1CA6A9E0-C542-4F07-B458-CA65A14F57B9}.Release|Win32.Build.0 = Release|Win32
		{92C8C611-75AA-4BD7-9B73-584822AAAEB5}.Debug|Win32.ActiveCfg = Debug|Win32
		{92C8C611-75AA-4BD7-9B73-584822AAAEB5}.Debug|Win32.Build.0 = Debug|Win32
		{92C8C611-75AA-4BD7-9B73-584822AAAEB5}.Release|Win32.ActiveCfg = Release|Win32
		{92C8C611-75AA-4BD7-9B73-584822AAAEB5}.Release|Win32.Build.0 = Release|Win32
		{AB8E900B-EAE8-483D-B6C9-73EEEB273AA8}.Debug|Win32.ActiveCfg = Debug|Win32
		{AB8E900B-EAE8-483D-B6C9-73EEEB273AA8}.Debug|Win32.Build.0 = Debug|Win32
		{AB8E900B-EAE8-483D-B6C9-73EEEB273AA8}.Release|Win32.ActiveCfg = Release|Win32
		{AB8E900B-EAE8-483D-B6C9-73EEEB273AA8}.Release|Win32.Build.0 = Release|Win32
		{42A241F2-7996-4AAF-8491-FB885E2DC37D}.Debug|Win32.ActiveCfg = Debug|Win32
		{42A241F2-7996-4AAF-8491-FB885E2DC37D}.Debug|Win32.Build.0 = Debug|Win32
		{42A241F2-7996-4AAF-8491-FB885E2DC37D}.Release|Win32.ActiveCfg = Release|Win32
		{42A241F2-7996-4AAF-8491-FB885E2DC37D}.Release|Win32.Build.0 = Release|Win32
		{332C7037-05BE-4202-93AC-182F1A2DF2AC}.Debug|Win32.ActiveCfg = Debug|Win32
		{332C7037-05BE-4202-93AC-182F1A2DF2AC}.Debug|Win32.Build.0 = Debug|Win32
		{332C7037-05BE-4202-93AC-182F1A2DF2AC}.Release|Win32.ActiveCfg = Release|Win32
		{332C7037-05BE-4202-93AC-182F1A2DF2AC}.Release|Win32.Build.0 = Release|Win32
	EndGlobalSection
	GlobalSection(SolutionProperties) = preSolution
		HideSolutionNode = FALSE
	EndGlobalSection
EndGlobal
