
Microsoft Visual Studio Solution File, Format Version 9.00
# Visual Studio 2005
Project("{8BC9CEB8-8B4A-11D0-8D11-00A0C91BC942}") = "Freespace2", "Freespace2.vcproj", "{D3E51120-BBB2-4D6C-B686-5B62E60917B7}"
	ProjectSection(ProjectDependencies) = postProject
		{7A2D46E6-BEA1-42D4-95E7-8FD42E0A37B9} = {7A2D46E6-BEA1-42D4-95E7-8FD42E0A37B9}
		{C3773092-B9A0-4434-A9BC-817697081ABA} = {C3773092-B9A0-4434-A9BC-817697081ABA}
		{BDAD7714-D34B-4570-992B-C045D517C089} = {BDAD7714-D34B-4570-992B-C045D517C089}
	EndProjectSection
EndProject
Project("{8BC9CEB8-8B4A-11D0-8D11-00A0C91BC942}") = "code", "code.vcproj", "{C3773092-B9A0-4434-A9BC-817697081ABA}"
EndProject
Project("{8BC9CEB8-8B4A-11D0-8D11-00A0C91BC942}") = "libjpeg", "libjpeg.vcproj", "{BDAD7714-D34B-4570-992B-C045D517C089}"
EndProject
Project("{8BC9CEB8-8B4A-11D0-8D11-00A0C91BC942}") = "liblua", "liblua.vcproj", "{7A2D46E6-BEA1-42D4-95E7-8FD42E0A37B9}"
EndProject
Project("{8BC9CEB8-8B4A-11D0-8D11-00A0C91BC942}") = "fred2_open", "fred2_open.vcproj", "{1CCAE0CC-2208-4DC7-82B4-5FD9868D90AC}"
	ProjectSection(ProjectDependencies) = postProject
		{7A2D46E6-BEA1-42D4-95E7-8FD42E0A37B9} = {7A2D46E6-BEA1-42D4-95E7-8FD42E0A37B9}
		{C3773092-B9A0-4434-A9BC-817697081ABA} = {C3773092-B9A0-4434-A9BC-817697081ABA}
		{BDAD7714-D34B-4570-992B-C045D517C089} = {BDAD7714-D34B-4570-992B-C045D517C089}
	EndProjectSection
EndProject
Global
	GlobalSection(SolutionConfigurationPlatforms) = preSolution
		Debug|Win32 = Debug|Win32
		Release SSE2|Win32 = Release SSE2|Win32
		Release|Win32 = Release|Win32
		ReleaseDebug|Win32 = ReleaseDebug|Win32
	EndGlobalSection
	GlobalSection(ProjectConfigurationPlatforms) = postSolution
		{D3E51120-BBB2-4D6C-B686-5B62E60917B7}.Debug|Win32.ActiveCfg = Debug|Win32
		{D3E51120-BBB2-4D6C-B686-5B62E60917B7}.Debug|Win32.Build.0 = Debug|Win32
		{D3E51120-BBB2-4D6C-B686-5B62E60917B7}.Release SSE2|Win32.ActiveCfg = Release SSE2|Win32
		{D3E51120-BBB2-4D6C-B686-5B62E60917B7}.Release SSE2|Win32.Build.0 = Release SSE2|Win32
		{D3E51120-BBB2-4D6C-B686-5B62E60917B7}.Release|Win32.ActiveCfg = Release|Win32
		{D3E51120-BBB2-4D6C-B686-5B62E60917B7}.Release|Win32.Build.0 = Release|Win32
		{D3E51120-BBB2-4D6C-B686-5B62E60917B7}.ReleaseDebug|Win32.ActiveCfg = ReleaseDebug|Win32
		{D3E51120-BBB2-4D6C-B686-5B62E60917B7}.ReleaseDebug|Win32.Build.0 = ReleaseDebug|Win32
		{C3773092-B9A0-4434-A9BC-817697081ABA}.Debug|Win32.ActiveCfg = Debug|Win32
		{C3773092-B9A0-4434-A9BC-817697081ABA}.Debug|Win32.Build.0 = Debug|Win32
		{C3773092-B9A0-4434-A9BC-817697081ABA}.Release SSE2|Win32.ActiveCfg = Release SSE2|Win32
		{C3773092-B9A0-4434-A9BC-817697081ABA}.Release SSE2|Win32.Build.0 = Release SSE2|Win32
		{C3773092-B9A0-4434-A9BC-817697081ABA}.Release|Win32.ActiveCfg = Release|Win32
		{C3773092-B9A0-4434-A9BC-817697081ABA}.Release|Win32.Build.0 = Release|Win32
		{C3773092-B9A0-4434-A9BC-817697081ABA}.ReleaseDebug|Win32.ActiveCfg = ReleaseDebug|Win32
		{C3773092-B9A0-4434-A9BC-817697081ABA}.ReleaseDebug|Win32.Build.0 = ReleaseDebug|Win32
		{BDAD7714-D34B-4570-992B-C045D517C089}.Debug|Win32.ActiveCfg = Debug|Win32
		{BDAD7714-D34B-4570-992B-C045D517C089}.Debug|Win32.Build.0 = Debug|Win32
		{BDAD7714-D34B-4570-992B-C045D517C089}.Release SSE2|Win32.ActiveCfg = Release SSE2|Win32
		{BDAD7714-D34B-4570-992B-C045D517C089}.Release SSE2|Win32.Build.0 = Release SSE2|Win32
		{BDAD7714-D34B-4570-992B-C045D517C089}.Release|Win32.ActiveCfg = Release|Win32
		{BDAD7714-D34B-4570-992B-C045D517C089}.Release|Win32.Build.0 = Release|Win32
		{BDAD7714-D34B-4570-992B-C045D517C089}.ReleaseDebug|Win32.ActiveCfg = ReleaseDebug|Win32
		{BDAD7714-D34B-4570-992B-C045D517C089}.ReleaseDebug|Win32.Build.0 = ReleaseDebug|Win32
		{7A2D46E6-BEA1-42D4-95E7-8FD42E0A37B9}.Debug|Win32.ActiveCfg = Debug|Win32
		{7A2D46E6-BEA1-42D4-95E7-8FD42E0A37B9}.Debug|Win32.Build.0 = Debug|Win32
		{7A2D46E6-BEA1-42D4-95E7-8FD42E0A37B9}.Release SSE2|Win32.ActiveCfg = Release SSE2|Win32
		{7A2D46E6-BEA1-42D4-95E7-8FD42E0A37B9}.Release SSE2|Win32.Build.0 = Release SSE2|Win32
		{7A2D46E6-BEA1-42D4-95E7-8FD42E0A37B9}.Release|Win32.ActiveCfg = Release|Win32
		{7A2D46E6-BEA1-42D4-95E7-8FD42E0A37B9}.Release|Win32.Build.0 = Release|Win32
		{7A2D46E6-BEA1-42D4-95E7-8FD42E0A37B9}.ReleaseDebug|Win32.ActiveCfg = ReleaseDebug|Win32
		{7A2D46E6-BEA1-42D4-95E7-8FD42E0A37B9}.ReleaseDebug|Win32.Build.0 = ReleaseDebug|Win32
		{1CCAE0CC-2208-4DC7-82B4-5FD9868D90AC}.Debug|Win32.ActiveCfg = Debug|Win32
		{1CCAE0CC-2208-4DC7-82B4-5FD9868D90AC}.Debug|Win32.Build.0 = Debug|Win32
		{1CCAE0CC-2208-4DC7-82B4-5FD9868D90AC}.Release SSE2|Win32.ActiveCfg = Release|Win32
		{1CCAE0CC-2208-4DC7-82B4-5FD9868D90AC}.Release SSE2|Win32.Build.0 = Release|Win32
		{1CCAE0CC-2208-4DC7-82B4-5FD9868D90AC}.Release|Win32.ActiveCfg = Release|Win32
		{1CCAE0CC-2208-4DC7-82B4-5FD9868D90AC}.Release|Win32.Build.0 = Release|Win32
		{1CCAE0CC-2208-4DC7-82B4-5FD9868D90AC}.ReleaseDebug|Win32.ActiveCfg = Debug|Win32
		{1CCAE0CC-2208-4DC7-82B4-5FD9868D90AC}.ReleaseDebug|Win32.Build.0 = Debug|Win32
	EndGlobalSection
	GlobalSection(SolutionProperties) = preSolution
		HideSolutionNode = FALSE
	EndGlobalSection
EndGlobal
