Microsoft Visual Studio Solution File, Format Version 8.00
Project("{8BC9CEB8-8B4A-11D0-8D11-00A0C91BC942}") = "Freespace2", "Freespace2.vcproj", "{71E37997-891B-46BF-B20F-084292CC8591}"
	ProjectSection(ProjectDependencies) = postProject
		{47740866-D174-4DF1-AF72-EC7F7CEEB93C} = {47740866-D174-4DF1-AF72-EC7F7CEEB93C}
		{F533047F-0AAF-4CF8-AFE5-42A6EDD2592B} = {F533047F-0AAF-4CF8-AFE5-42A6EDD2592B}
		{FF5667D2-3F94-4C79-B5EC-48A5E7DF4544} = {FF5667D2-3F94-4C79-B5EC-48A5E7DF4544}
	EndProjectSection
EndProject
Project("{8BC9CEB8-8B4A-11D0-8D11-00A0C91BC942}") = "code", "code.vcproj", "{FF5667D2-3F94-4C79-B5EC-48A5E7DF4544}"
	ProjectSection(ProjectDependencies) = postProject
	EndProjectSection
EndProject
Project("{8BC9CEB8-8B4A-11D0-8D11-00A0C91BC942}") = "libjpeg", "libjpeg.vcproj", "{F533047F-0AAF-4CF8-AFE5-42A6EDD2592B}"
	ProjectSection(ProjectDependencies) = postProject
	EndProjectSection
EndProject
Project("{8BC9CEB8-8B4A-11D0-8D11-00A0C91BC942}") = "lua", "lua.vcproj", "{47740866-D174-4DF1-AF72-EC7F7CEEB93C}"
	ProjectSection(ProjectDependencies) = postProject
	EndProjectSection
EndProject
Global
	GlobalSection(SolutionConfiguration) = preSolution
		Debug = Debug
		Release = Release
	EndGlobalSection
	GlobalSection(ProjectConfiguration) = postSolution
		{71E37997-891B-46BF-B20F-084292CC8591}.Debug.ActiveCfg = Debug|Win32
		{71E37997-891B-46BF-B20F-084292CC8591}.Debug.Build.0 = Debug|Win32
		{71E37997-891B-46BF-B20F-084292CC8591}.Release.ActiveCfg = Release|Win32
		{71E37997-891B-46BF-B20F-084292CC8591}.Release.Build.0 = Release|Win32
		{FF5667D2-3F94-4C79-B5EC-48A5E7DF4544}.Debug.ActiveCfg = Debug|Win32
		{FF5667D2-3F94-4C79-B5EC-48A5E7DF4544}.Debug.Build.0 = Debug|Win32
		{FF5667D2-3F94-4C79-B5EC-48A5E7DF4544}.Release.ActiveCfg = Release|Win32
		{FF5667D2-3F94-4C79-B5EC-48A5E7DF4544}.Release.Build.0 = Release|Win32
		{F533047F-0AAF-4CF8-AFE5-42A6EDD2592B}.Debug.ActiveCfg = Debug|Win32
		{F533047F-0AAF-4CF8-AFE5-42A6EDD2592B}.Debug.Build.0 = Debug|Win32
		{F533047F-0AAF-4CF8-AFE5-42A6EDD2592B}.Release.ActiveCfg = Release|Win32
		{F533047F-0AAF-4CF8-AFE5-42A6EDD2592B}.Release.Build.0 = Release|Win32
		{47740866-D174-4DF1-AF72-EC7F7CEEB93C}.Debug.ActiveCfg = Debug|Win32
		{47740866-D174-4DF1-AF72-EC7F7CEEB93C}.Debug.Build.0 = Debug|Win32
		{47740866-D174-4DF1-AF72-EC7F7CEEB93C}.Release.ActiveCfg = Release|Win32
		{47740866-D174-4DF1-AF72-EC7F7CEEB93C}.Release.Build.0 = Release|Win32
	EndGlobalSection
	GlobalSection(ExtensibilityGlobals) = postSolution
	EndGlobalSection
	GlobalSection(ExtensibilityAddIns) = postSolution
	EndGlobalSection
EndGlobal
