<?xml version="1.0" encoding="utf-8"?>
<Project ToolsVersion="4.0" xmlns="http://schemas.microsoft.com/developer/msbuild/2003">
  <ItemGroup>
    <Filter Include="Source Files">
      <UniqueIdentifier>{aca57a9c-6673-43b0-9f4b-88f108732502}</UniqueIdentifier>
      <Extensions>cpp;c;cxx;rc;def;r;odl;idl;hpj;bat</Extensions>
    </Filter>
    <Filter Include="Header Files">
      <UniqueIdentifier>{6278499e-b4a9-478c-9518-6181587df03e}</UniqueIdentifier>
      <Extensions>h;hpp;hxx;hm;inl</Extensions>
    </Filter>
    <Filter Include="Resource Files">
      <UniqueIdentifier>{2807b250-bdd3-4a89-96d7-df52eec4ca5c}</UniqueIdentifier>
      <Extensions>ico;cur;bmp;dlg;rc2;rct;bin;rgs;gif;jpg;jpeg;jpe</Extensions>
    </Filter>
  </ItemGroup>
  <ItemGroup>
    <ClCompile Include="..\..\code\fred2\addvariabledlg.cpp">
      <Filter>Source Files</Filter>
    </ClCompile>
    <ClCompile Include="..\..\code\fred2\adjustgriddlg.cpp">
      <Filter>Source Files</Filter>
    </ClCompile>
    <ClCompile Include="..\..\code\fred2\AltShipClassDlg.cpp">
      <Filter>Source Files</Filter>
    </ClCompile>
    <ClCompile Include="..\..\code\fred2\asteroideditordlg.cpp">
      <Filter>Source Files</Filter>
    </ClCompile>
    <ClCompile Include="..\..\code\fred2\backgroundchooser.cpp">
      <Filter>Source Files</Filter>
    </ClCompile>
    <ClCompile Include="..\..\code\fred2\bgbitmapdlg.cpp">
      <Filter>Source Files</Filter>
    </ClCompile>
    <ClCompile Include="..\..\code\fred2\briefingeditordlg.cpp">
      <Filter>Source Files</Filter>
    </ClCompile>
    <ClCompile Include="..\..\code\fred2\campaigneditordlg.cpp">
      <Filter>Source Files</Filter>
    </ClCompile>
    <ClCompile Include="..\..\code\fred2\campaignfilelistbox.cpp">
      <Filter>Source Files</Filter>
    </ClCompile>
    <ClCompile Include="..\..\code\fred2\campaigntreeview.cpp">
      <Filter>Source Files</Filter>
    </ClCompile>
    <ClCompile Include="..\..\code\fred2\campaigntreewnd.cpp">
      <Filter>Source Files</Filter>
    </ClCompile>
    <ClCompile Include="..\..\code\fred2\cmdbrief.cpp">
      <Filter>Source Files</Filter>
    </ClCompile>
    <ClCompile Include="..\..\code\fred2\createwingdlg.cpp">
      <Filter>Source Files</Filter>
    </ClCompile>
    <ClCompile Include="..\..\code\fred2\customwingnames.cpp">
      <Filter>Source Files</Filter>
    </ClCompile>
    <ClCompile Include="..\..\code\fred2\debriefingeditordlg.cpp">
      <Filter>Source Files</Filter>
    </ClCompile>
    <ClCompile Include="..\..\code\fred2\dialog1.cpp">
      <Filter>Source Files</Filter>
    </ClCompile>
    <ClCompile Include="..\..\code\fred2\dumpstats.cpp">
      <Filter>Source Files</Filter>
    </ClCompile>
    <ClCompile Include="..\..\code\fred2\eventeditor.cpp">
      <Filter>Source Files</Filter>
    </ClCompile>
    <ClCompile Include="..\..\code\fred2\FictionViewerDlg.cpp">
      <Filter>Source Files</Filter>
    </ClCompile>
    <ClCompile Include="..\..\code\fred2\folderdlg.cpp">
      <Filter>Source Files</Filter>
    </ClCompile>
    <ClCompile Include="..\..\code\fred2\fred.cpp">
      <Filter>Source Files</Filter>
    </ClCompile>
    <ClCompile Include="..\..\code\fred2\freddoc.cpp">
      <Filter>Source Files</Filter>
    </ClCompile>
    <ClCompile Include="..\..\code\fred2\fredrender.cpp">
      <Filter>Source Files</Filter>
    </ClCompile>
    <ClCompile Include="..\..\code\fred2\fredstubs.cpp">
      <Filter>Source Files</Filter>
    </ClCompile>
    <ClCompile Include="..\..\code\fred2\fredview.cpp">
      <Filter>Source Files</Filter>
    </ClCompile>
    <ClCompile Include="..\..\code\fred2\grid.cpp">
      <Filter>Source Files</Filter>
    </ClCompile>
    <ClCompile Include="..\..\code\fred2\ignoreordersdlg.cpp">
      <Filter>Source Files</Filter>
    </ClCompile>
    <ClCompile Include="..\..\code\fred2\initialships.cpp">
      <Filter>Source Files</Filter>
    </ClCompile>
    <ClCompile Include="..\..\code\fred2\initialstatus.cpp">
      <Filter>Source Files</Filter>
    </ClCompile>
    <ClCompile Include="..\..\code\fred2\mainfrm.cpp">
      <Filter>Source Files</Filter>
    </ClCompile>
    <ClCompile Include="..\..\code\fred2\management.cpp">
      <Filter>Source Files</Filter>
    </ClCompile>
    <ClCompile Include="..\..\code\fred2\messageeditordlg.cpp">
      <Filter>Source Files</Filter>
    </ClCompile>
    <ClCompile Include="..\..\code\fred2\missiongoalsdlg.cpp">
      <Filter>Source Files</Filter>
    </ClCompile>
    <ClCompile Include="..\..\code\fred2\missionnotesdlg.cpp">
      <Filter>Source Files</Filter>
    </ClCompile>
    <ClCompile Include="..\..\code\fred2\missionsave.cpp">
      <Filter>Source Files</Filter>
    </ClCompile>
    <ClCompile Include="..\..\code\fred2\modifyvariabledlg.cpp">
      <Filter>Source Files</Filter>
    </ClCompile>
    <ClCompile Include="..\..\code\fred2\operatorargtypeselect.cpp">
      <Filter>Source Files</Filter>
    </ClCompile>
    <ClCompile Include="..\..\code\fred2\orienteditor.cpp">
      <Filter>Source Files</Filter>
    </ClCompile>
    <ClCompile Include="..\..\code\fred2\playerstarteditor.cpp">
      <Filter>Source Files</Filter>
    </ClCompile>
    <ClCompile Include="..\..\code\fred2\prefsdlg.cpp">
      <Filter>Source Files</Filter>
    </ClCompile>
    <ClCompile Include="..\..\code\fred2\reinforcementeditordlg.cpp">
      <Filter>Source Files</Filter>
    </ClCompile>
    <ClCompile Include="..\..\code\fred2\restrictpaths.cpp">
      <Filter>Source Files</Filter>
    </ClCompile>
    <ClCompile Include="..\..\code\fred2\setglobalshipflags.cpp">
      <Filter>Source Files</Filter>
    </ClCompile>
    <ClCompile Include="..\..\code\fred2\sexp_tree.cpp">
      <Filter>Source Files</Filter>
    </ClCompile>
    <ClCompile Include="..\..\code\fred2\shieldsysdlg.cpp">
      <Filter>Source Files</Filter>
    </ClCompile>
    <ClCompile Include="..\..\code\fred2\ship_select.cpp">
      <Filter>Source Files</Filter>
    </ClCompile>
    <ClCompile Include="..\..\code\fred2\shipchecklistbox.cpp">
      <Filter>Source Files</Filter>
    </ClCompile>
    <ClCompile Include="..\..\code\fred2\shipclasseditordlg.cpp">
      <Filter>Source Files</Filter>
    </ClCompile>
    <ClCompile Include="..\..\code\fred2\shipeditordlg.cpp">
      <Filter>Source Files</Filter>
    </ClCompile>
    <ClCompile Include="..\..\code\fred2\shipflagsdlg.cpp">
      <Filter>Source Files</Filter>
    </ClCompile>
    <ClCompile Include="..\..\code\fred2\shipgoalsdlg.cpp">
      <Filter>Source Files</Filter>
    </ClCompile>
    <ClCompile Include="..\..\code\fred2\shipspecialdamage.cpp">
      <Filter>Source Files</Filter>
    </ClCompile>
    <ClCompile Include="..\..\code\fred2\shipspecialhitpoints.cpp">
      <Filter>Source Files</Filter>
    </ClCompile>
    <ClCompile Include="..\..\code\fred2\shiptexturesdlg.cpp">
      <Filter>Source Files</Filter>
    </ClCompile>
    <ClCompile Include="..\..\code\fred2\soundenvironmentdlg.cpp">
      <Filter>Source Files</Filter>
    </ClCompile>
    <ClCompile Include="..\..\code\fred2\starfieldeditor.cpp">
      <Filter>Source Files</Filter>
    </ClCompile>
    <ClCompile Include="..\..\code\fred2\stdafx.cpp">
      <Filter>Source Files</Filter>
    </ClCompile>
    <ClCompile Include="..\..\code\fred2\textviewdlg.cpp">
      <Filter>Source Files</Filter>
    </ClCompile>
    <ClCompile Include="..\..\code\fred2\voiceactingmanager.cpp">
      <Filter>Source Files</Filter>
    </ClCompile>
    <ClCompile Include="..\..\code\fred2\waypointpathdlg.cpp">
      <Filter>Source Files</Filter>
    </ClCompile>
    <ClCompile Include="..\..\code\fred2\weaponeditordlg.cpp">
      <Filter>Source Files</Filter>
    </ClCompile>
    <ClCompile Include="..\..\code\fred2\wing.cpp">
      <Filter>Source Files</Filter>
    </ClCompile>
    <ClCompile Include="..\..\code\fred2\wing_editor.cpp">
      <Filter>Source Files</Filter>
    </ClCompile>
  </ItemGroup>
  <ItemGroup>
    <ResourceCompile Include="..\..\code\fred2\fred.rc">
      <Filter>Source Files</Filter>
    </ResourceCompile>
  </ItemGroup>
  <ItemGroup>
    <ClInclude Include="..\..\code\fred2\addvariabledlg.h">
      <Filter>Header Files</Filter>
    </ClInclude>
    <ClInclude Include="..\..\code\fred2\adjustgriddlg.h">
      <Filter>Header Files</Filter>
    </ClInclude>
    <ClInclude Include="..\..\code\fred2\AltShipClassDlg.h">
      <Filter>Header Files</Filter>
    </ClInclude>
    <ClInclude Include="..\..\code\fred2\asteroideditordlg.h">
      <Filter>Header Files</Filter>
    </ClInclude>
    <ClInclude Include="..\..\code\fred2\backgroundchooser.h">
      <Filter>Header Files</Filter>
    </ClInclude>
    <ClInclude Include="..\..\code\fred2\bgbitmapdlg.h">
      <Filter>Header Files</Filter>
    </ClInclude>
    <ClInclude Include="..\..\code\fred2\briefingeditordlg.h">
      <Filter>Header Files</Filter>
    </ClInclude>
    <ClInclude Include="..\..\code\fred2\campaigneditordlg.h">
      <Filter>Header Files</Filter>
    </ClInclude>
    <ClInclude Include="..\..\code\fred2\campaignfilelistbox.h">
      <Filter>Header Files</Filter>
    </ClInclude>
    <ClInclude Include="..\..\code\fred2\campaigntreeview.h">
      <Filter>Header Files</Filter>
    </ClInclude>
    <ClInclude Include="..\..\code\fred2\campaigntreewnd.h">
      <Filter>Header Files</Filter>
    </ClInclude>
    <ClInclude Include="..\..\code\fred2\cmdbrief.h">
      <Filter>Header Files</Filter>
    </ClInclude>
    <ClInclude Include="..\..\code\fred2\createwingdlg.h">
      <Filter>Header Files</Filter>
    </ClInclude>
    <ClInclude Include="..\..\code\fred2\customwingnames.h">
      <Filter>Header Files</Filter>
    </ClInclude>
    <ClInclude Include="..\..\code\fred2\debriefingeditordlg.h">
      <Filter>Header Files</Filter>
    </ClInclude>
    <ClInclude Include="..\..\code\fred2\dialog1.h">
      <Filter>Header Files</Filter>
    </ClInclude>
    <ClInclude Include="..\..\code\fred2\dumpstats.h">
      <Filter>Header Files</Filter>
    </ClInclude>
    <ClInclude Include="..\..\code\fred2\editor.h">
      <Filter>Header Files</Filter>
    </ClInclude>
    <ClInclude Include="..\..\code\fred2\eventeditor.h">
      <Filter>Header Files</Filter>
    </ClInclude>
    <ClInclude Include="..\..\code\fred2\FictionViewerDlg.h">
      <Filter>Header Files</Filter>
    </ClInclude>
    <ClInclude Include="..\..\code\fred2\folderdlg.h">
      <Filter>Header Files</Filter>
    </ClInclude>
    <ClInclude Include="..\..\code\fred2\fred.h">
      <Filter>Header Files</Filter>
    </ClInclude>
    <ClInclude Include="..\..\code\fred2\freddoc.h">
      <Filter>Header Files</Filter>
    </ClInclude>
    <ClInclude Include="..\..\code\fred2\fredrender.h">
      <Filter>Header Files</Filter>
    </ClInclude>
    <ClInclude Include="..\..\code\fred2\fredview.h">
      <Filter>Header Files</Filter>
    </ClInclude>
    <ClInclude Include="..\..\code\fred2\grid.h">
      <Filter>Header Files</Filter>
    </ClInclude>
    <ClInclude Include="..\..\code\fred2\ignoreordersdlg.h">
      <Filter>Header Files</Filter>
    </ClInclude>
    <ClInclude Include="..\..\code\fred2\initialships.h">
      <Filter>Header Files</Filter>
    </ClInclude>
    <ClInclude Include="..\..\code\fred2\initialstatus.h">
      <Filter>Header Files</Filter>
    </ClInclude>
    <ClInclude Include="..\..\code\fred2\mainfrm.h">
      <Filter>Header Files</Filter>
    </ClInclude>
    <ClInclude Include="..\..\code\fred2\management.h">
      <Filter>Header Files</Filter>
    </ClInclude>
    <ClInclude Include="..\..\code\fred2\messageeditordlg.h">
      <Filter>Header Files</Filter>
    </ClInclude>
    <ClInclude Include="..\..\code\fred2\missiongoalsdlg.h">
      <Filter>Header Files</Filter>
    </ClInclude>
    <ClInclude Include="..\..\code\fred2\missionnotesdlg.h">
      <Filter>Header Files</Filter>
    </ClInclude>
    <ClInclude Include="..\..\code\fred2\missionsave.h">
      <Filter>Header Files</Filter>
    </ClInclude>
    <ClInclude Include="..\..\code\fred2\modifyvariabledlg.h">
      <Filter>Header Files</Filter>
    </ClInclude>
    <ClInclude Include="..\..\code\fred2\operatorargtypeselect.h">
      <Filter>Header Files</Filter>
    </ClInclude>
    <ClInclude Include="..\..\code\fred2\orienteditor.h">
      <Filter>Header Files</Filter>
    </ClInclude>
    <ClInclude Include="..\..\code\fred2\playerstarteditor.h">
      <Filter>Header Files</Filter>
    </ClInclude>
    <ClInclude Include="..\..\code\fred2\prefsdlg.h">
      <Filter>Header Files</Filter>
    </ClInclude>
    <ClInclude Include="..\..\code\fred2\reinforcementeditordlg.h">
      <Filter>Header Files</Filter>
    </ClInclude>
    <ClInclude Include="..\..\code\fred2\resource.h">
      <Filter>Header Files</Filter>
    </ClInclude>
    <ClInclude Include="..\..\code\fred2\restrictpaths.h">
      <Filter>Header Files</Filter>
    </ClInclude>
    <ClInclude Include="..\..\code\fred2\setglobalshipflags.h">
      <Filter>Header Files</Filter>
    </ClInclude>
    <ClInclude Include="..\..\code\fred2\sexp_tree.h">
      <Filter>Header Files</Filter>
    </ClInclude>
    <ClInclude Include="..\..\code\fred2\shieldsysdlg.h">
      <Filter>Header Files</Filter>
    </ClInclude>
    <ClInclude Include="..\..\code\fred2\ship_select.h">
      <Filter>Header Files</Filter>
    </ClInclude>
    <ClInclude Include="..\..\code\fred2\shipchecklistbox.h">
      <Filter>Header Files</Filter>
    </ClInclude>
    <ClInclude Include="..\..\code\fred2\shipclasseditordlg.h">
      <Filter>Header Files</Filter>
    </ClInclude>
    <ClInclude Include="..\..\code\fred2\shipeditordlg.h">
      <Filter>Header Files</Filter>
    </ClInclude>
    <ClInclude Include="..\..\code\fred2\shipflagsdlg.h">
      <Filter>Header Files</Filter>
    </ClInclude>
    <ClInclude Include="..\..\code\fred2\shipgoalsdlg.h">
      <Filter>Header Files</Filter>
    </ClInclude>
    <ClInclude Include="..\..\code\fred2\shipspecialdamage.h">
      <Filter>Header Files</Filter>
    </ClInclude>
    <ClInclude Include="..\..\code\fred2\shipspecialhitpoints.h">
      <Filter>Header Files</Filter>
    </ClInclude>
    <ClInclude Include="..\..\code\fred2\shiptexturesdlg.h">
      <Filter>Header Files</Filter>
    </ClInclude>
    <ClInclude Include="..\..\code\fred2\soundenvironmentdlg.h">
      <Filter>Header Files</Filter>
    </ClInclude>
    <ClInclude Include="..\..\code\fred2\starfieldeditor.h">
      <Filter>Header Files</Filter>
    </ClInclude>
    <ClInclude Include="..\..\code\fred2\stdafx.h">
      <Filter>Header Files</Filter>
    </ClInclude>
    <ClInclude Include="..\..\code\fred2\textviewdlg.h">
      <Filter>Header Files</Filter>
    </ClInclude>
    <ClInclude Include="..\..\code\fred2\voiceactingmanager.h">
      <Filter>Header Files</Filter>
    </ClInclude>
    <ClInclude Include="..\..\code\fred2\waypointpathdlg.h">
      <Filter>Header Files</Filter>
    </ClInclude>
    <ClInclude Include="..\..\code\fred2\weaponeditordlg.h">
      <Filter>Header Files</Filter>
    </ClInclude>
    <ClInclude Include="..\..\code\fred2\wing.h">
      <Filter>Header Files</Filter>
    </ClInclude>
    <ClInclude Include="..\..\code\fred2\wing_editor.h">
      <Filter>Header Files</Filter>
    </ClInclude>
  </ItemGroup>
  <ItemGroup>
    <None Include="..\..\code\fred2\res\bitmap1.bmp">
      <Filter>Resource Files</Filter>
    </None>
    <None Include="..\..\code\fred2\res\black_do.bmp">
      <Filter>Resource Files</Filter>
    </None>
    <None Include="..\..\code\fred2\res\bmp00001.bmp">
      <Filter>Resource Files</Filter>
    </None>
    <None Include="..\..\code\fred2\res\chained.bmp">
      <Filter>Resource Files</Filter>
    </None>
    <None Include="..\..\code\fred2\res\chained_directive.bmp">
      <Filter>Resource Files</Filter>
    </None>
    <None Include="..\..\code\fred2\res\cursor1.cur">
      <Filter>Resource Files</Filter>
    </None>
    <None Include="..\..\code\fred2\res\cursor2.cur">
      <Filter>Resource Files</Filter>
    </None>
    <None Include="..\..\code\fred2\res\data.bmp">
      <Filter>Resource Files</Filter>
    </None>
    <None Include="..\..\code\fred2\res\data00.bmp">
      <Filter>Resource Files</Filter>
    </None>
    <None Include="..\..\code\fred2\res\data05.bmp">
      <Filter>Resource Files</Filter>
    </None>
    <None Include="..\..\code\fred2\res\data10.bmp">
      <Filter>Resource Files</Filter>
    </None>
    <None Include="..\..\code\fred2\res\data15.bmp">
      <Filter>Resource Files</Filter>
    </None>
    <None Include="..\..\code\fred2\res\data20.bmp">
      <Filter>Resource Files</Filter>
    </None>
    <None Include="..\..\code\fred2\res\data25.bmp">
      <Filter>Resource Files</Filter>
    </None>
    <None Include="..\..\code\fred2\res\data30.bmp">
      <Filter>Resource Files</Filter>
    </None>
    <None Include="..\..\code\fred2\res\data35.bmp">
      <Filter>Resource Files</Filter>
    </None>
    <None Include="..\..\code\fred2\res\data40.bmp">
      <Filter>Resource Files</Filter>
    </None>
    <None Include="..\..\code\fred2\res\data45.bmp">
      <Filter>Resource Files</Filter>
    </None>
    <None Include="..\..\code\fred2\res\data50.bmp">
      <Filter>Resource Files</Filter>
    </None>
    <None Include="..\..\code\fred2\res\data55.bmp">
      <Filter>Resource Files</Filter>
    </None>
    <None Include="..\..\code\fred2\res\data60.bmp">
      <Filter>Resource Files</Filter>
    </None>
    <None Include="..\..\code\fred2\res\data65.bmp">
      <Filter>Resource Files</Filter>
    </None>
    <None Include="..\..\code\fred2\res\data70.bmp">
      <Filter>Resource Files</Filter>
    </None>
    <None Include="..\..\code\fred2\res\data75.bmp">
      <Filter>Resource Files</Filter>
    </None>
    <None Include="..\..\code\fred2\res\data80.bmp">
      <Filter>Resource Files</Filter>
    </None>
    <None Include="..\..\code\fred2\res\data85.bmp">
      <Filter>Resource Files</Filter>
    </None>
    <None Include="..\..\code\fred2\res\data90.bmp">
      <Filter>Resource Files</Filter>
    </None>
    <None Include="..\..\code\fred2\res\data95.bmp">
      <Filter>Resource Files</Filter>
    </None>
    <None Include="..\..\code\fred2\res\fred.ico">
      <Filter>Resource Files</Filter>
    </None>
    <None Include="..\..\code\fred2\res\fred.rc2">
      <Filter>Resource Files</Filter>
    </None>
    <None Include="..\..\code\fred2\res\freddoc.ico">
      <Filter>Resource Files</Filter>
    </None>
    <None Include="..\..\code\fred2\res\green_do.bmp">
      <Filter>Resource Files</Filter>
    </None>
    <None Include="..\..\code\fred2\res\root.bmp">
      <Filter>Resource Files</Filter>
    </None>
    <None Include="..\..\code\fred2\res\root_directive.bmp">
      <Filter>Resource Files</Filter>
    </None>
    <None Include="..\..\code\fred2\res\toolbar.bmp">
      <Filter>Resource Files</Filter>
    </None>
    <None Include="..\..\code\fred2\res\toolbar1.bmp">
      <Filter>Resource Files</Filter>
    </None>
    <None Include="..\..\code\fred2\res\variable.bmp">
      <Filter>Resource Files</Filter>
    </None>
  </ItemGroup>
</Project>