<?xml version="1.0" encoding="UTF-8" standalone="yes" ?>
<CodeBlocks_project_file>
	<FileVersion major="1" minor="6" />
	<Project>
		<Option title="Freespace2" />
		<Option pch_mode="2" />
		<Option compiler="gcc" />
		<Option virtualFolders="Freespace2/;" />
		<Build>
			<Target title="Debug">
				<Option output="../Debug/Freespace2/lib/fs2_open_linux_d" prefix_auto="1" extension_auto="1" />
				<Option working_dir="../freespaceDirectoryLink" />
				<Option object_output="../Debug/Freespace2/obj/" />
				<Option type="1" />
				<Option compiler="gcc" />
				<Compiler>
					<Add option="-g" />
					<Add option="-D_DEBUG" />
					<Add directory="../../../code" />
					<Add directory="/usr/include/SDL" />
				</Compiler>
				<Linker>
					<Add library="../Debug/code/lib/libcode.a" />
				</Linker>
			</Target>
			<Target title="Release">
				<Option output="../Release/Freespace2/lib/fs2_open_linux_r" prefix_auto="1" extension_auto="1" />
				<Option object_output="../Release/Freespace2/obj/" />
				<Option type="0" />
				<Option compiler="gcc" />
				<Compiler>
					<Add option="-fexpensive-optimizations" />
					<Add option="-O3" />
					<Add option="-w" />
					<Add option="-march=core2" />
					<Add option="-DNDEBUG" />
					<Add directory="../../../code" />
					<Add directory="/usr/include/SDL" />
				</Compiler>
				<Linker>
					<Add option="-s" />
					<Add library="../Release/code/lib/libcode.a" />
				</Linker>
			</Target>
		</Build>
		<Compiler>
			<Add option="-Wall" />
			<Add option="`sdl-config --cflags`" />
			<Add option="-DSCP_UNIX" />
			<Add option="-DUSE_OPENAL" />
			<Add option="-DNO_DIRECT3D" />
		</Compiler>
		<Linker>
			<Add library="SDL" />
			<Add library="openal" />
			<Add library="ogg" />
			<Add library="vorbis" />
			<Add library="vorbisfile" />
			<Add library="theora" />
			<Add library="lua5.1" />
			<Add library="jpeg" />
			<Add library="GL" />
			<Add library="GLU" />
		</Linker>
		<Unit filename="../../../code/freespace2/freespace.cpp">
			<Option virtualFolder="Freespace2/" />
		</Unit>
		<Unit filename="../../../code/freespace2/freespace.h">
			<Option virtualFolder="Freespace2/" />
		</Unit>
		<Unit filename="../../../code/freespace2/levelpaging.cpp">
			<Option virtualFolder="Freespace2/" />
		</Unit>
		<Unit filename="../../../code/freespace2/levelpaging.h">
			<Option virtualFolder="Freespace2/" />
		</Unit>
		<Extensions>
			<code_completion />
			<envvars />
			<debugger />
		</Extensions>
	</Project>
</CodeBlocks_project_file>
